{
  "name": "jsajx-en",
  "version": "1.0.0",
  "lockfileVersion": 1,
  "requires": true,
  "dependencies": {
    "@types/immutable": {
      "version": "3.8.7",
      "resolved": "https://registry.npmjs.org/@types/immutable/-/immutable-3.8.7.tgz",
      "integrity": "sha1-U20z0w8/PZptRkKiGUGf2Cr2M/s=",
      "requires": {
        "immutable": "*"
      }
    },
    "immer": {
      "version": "7.0.7",
      "resolved": "https://registry.npmjs.org/immer/-/immer-7.0.7.tgz",
      "integrity": "sha512-Q8yYwVADJXrNfp1ZUAh4XDHkcoE3wpdpb4mC5abDSajs2EbW8+cGdPyAnglMyLnm7EF6ojD2xBFX7L5i4TIytw=="
    },
    "immutable": {
      "version": "4.0.0-rc.12",
      "resolved": "https://registry.npmjs.org/immutable/-/immutable-4.0.0-rc.12.tgz",
      "integrity": "sha512-0M2XxkZLx/mi3t8NVwIm1g8nHoEmM9p9UBl/G9k4+hm0kBgOVdMV/B3CY5dQ8qG8qc80NN4gDV4HQv6FTJ5q7A=="
    }
  }
}
